
Microsoft Visual Studio Solution File, Format Version 12.00
# Visual Studio Version 17
VisualStudioVersion = 17.0.31903.59
MinimumVisualStudioVersion = 10.0.40219.1
Project("{FAE04EC0-301F-11D3-BF4B-00C04F79EFBC}") = "QT1", "QT1\QT1.csproj", "{5EF5F9AE-79E2-42BD-847A-D7BE4BDDD4A9}"
EndProject
Project("{FAE04EC0-301F-11D3-BF4B-00C04F79EFBC}") = "QT2", "QT2\QT2.csproj", "{76DD28A3-0594-4AB4-A119-27AC80F68CFC}"
EndProject
Project("{FAE04EC0-301F-11D3-BF4B-00C04F79EFBC}") = "QT3", "QT3\QT3.csproj", "{B1EFAA44-21DC-4A3A-9443-845610E58110}"
EndProject
Project("{FAE04EC0-301F-11D3-BF4B-00C04F79EFBC}") = "QT4", "QT4\QT4.csproj", "{C2DC83DF-22C3-4E7A-B5D8-E97FFDDE62E4}"
EndProject
Project("{FAE04EC0-301F-11D3-BF4B-00C04F79EFBC}") = "QT5", "QT5\QT5.csproj", "{914901CD-5372-4377-8557-9C69803217DF}"
EndProject
Project("{FAE04EC0-301F-11D3-BF4B-00C04F79EFBC}") = "QT6", "QT6\QT6.csproj", "{29E73F95-DB18-4FC4-AA70-9ABA34B163ED}"
EndProject
Global
	GlobalSection(SolutionConfigurationPlatforms) = preSolution
		Debug|Any CPU = Debug|Any CPU
		Release|Any CPU = Release|Any CPU
	EndGlobalSection
	GlobalSection(SolutionProperties) = preSolution
		HideSolutionNode = FALSE
	EndGlobalSection
	GlobalSection(ProjectConfigurationPlatforms) = postSolution
		{5EF5F9AE-79E2-42BD-847A-D7BE4BDDD4A9}.Debug|Any CPU.ActiveCfg = Debug|Any CPU
		{5EF5F9AE-79E2-42BD-847A-D7BE4BDDD4A9}.Debug|Any CPU.Build.0 = Debug|Any CPU
		{5EF5F9AE-79E2-42BD-847A-D7BE4BDDD4A9}.Release|Any CPU.ActiveCfg = Release|Any CPU
		{5EF5F9AE-79E2-42BD-847A-D7BE4BDDD4A9}.Release|Any CPU.Build.0 = Release|Any CPU
		{76DD28A3-0594-4AB4-A119-27AC80F68CFC}.Debug|Any CPU.ActiveCfg = Debug|Any CPU
		{76DD28A3-0594-4AB4-A119-27AC80F68CFC}.Debug|Any CPU.Build.0 = Debug|Any CPU
		{76DD28A3-0594-4AB4-A119-27AC80F68CFC}.Release|Any CPU.ActiveCfg = Release|Any CPU
		{76DD28A3-0594-4AB4-A119-27AC80F68CFC}.Release|Any CPU.Build.0 = Release|Any CPU
		{B1EFAA44-21DC-4A3A-9443-845610E58110}.Debug|Any CPU.ActiveCfg = Debug|Any CPU
		{B1EFAA44-21DC-4A3A-9443-845610E58110}.Debug|Any CPU.Build.0 = Debug|Any CPU
		{B1EFAA44-21DC-4A3A-9443-845610E58110}.Release|Any CPU.ActiveCfg = Release|Any CPU
		{B1EFAA44-21DC-4A3A-9443-845610E58110}.Release|Any CPU.Build.0 = Release|Any CPU
		{C2DC83DF-22C3-4E7A-B5D8-E97FFDDE62E4}.Debug|Any CPU.ActiveCfg = Debug|Any CPU
		{C2DC83DF-22C3-4E7A-B5D8-E97FFDDE62E4}.Debug|Any CPU.Build.0 = Debug|Any CPU
		{C2DC83DF-22C3-4E7A-B5D8-E97FFDDE62E4}.Release|Any CPU.ActiveCfg = Release|Any CPU
		{C2DC83DF-22C3-4E7A-B5D8-E97FFDDE62E4}.Release|Any CPU.Build.0 = Release|Any CPU
		{914901CD-5372-4377-8557-9C69803217DF}.Debug|Any CPU.ActiveCfg = Debug|Any CPU
		{914901CD-5372-4377-8557-9C69803217DF}.Debug|Any CPU.Build.0 = Debug|Any CPU
		{914901CD-5372-4377-8557-9C69803217DF}.Release|Any CPU.ActiveCfg = Release|Any CPU
		{914901CD-5372-4377-8557-9C69803217DF}.Release|Any CPU.Build.0 = Release|Any CPU
		{29E73F95-DB18-4FC4-AA70-9ABA34B163ED}.Debug|Any CPU.ActiveCfg = Debug|Any CPU
		{29E73F95-DB18-4FC4-AA70-9ABA34B163ED}.Debug|Any CPU.Build.0 = Debug|Any CPU
		{29E73F95-DB18-4FC4-AA70-9ABA34B163ED}.Release|Any CPU.ActiveCfg = Release|Any CPU
		{29E73F95-DB18-4FC4-AA70-9ABA34B163ED}.Release|Any CPU.Build.0 = Release|Any CPU
	EndGlobalSection
EndGlobal
